// !$*UTF8*$!
{
	archiveVersion = 1;
	classes = {
	};
	objectVersion = 50;
	objects = {

/* Begin PBXBuildFile section */
		082EA06C21BA06410057B055 /* AppDelegate.swift in Sources */ = {isa = PBXBuildFile; fileRef = 082EA06B21BA06410057B055 /* AppDelegate.swift */; };
		082EA06E21BA06410057B055 /* ViewController.swift in Sources */ = {isa = PBXBuildFile; fileRef = 082EA06D21BA06410057B055 /* ViewController.swift */; };
		082EA07121BA06410057B055 /* Main.storyboard in Resources */ = {isa = PBXBuildFile; fileRef = 082EA06F21BA06410057B055 /* Main.storyboard */; };
		082EA07321BA06420057B055 /* Assets.xcassets in Resources */ = {isa = PBXBuildFile; fileRef = 082EA07221BA06420057B055 /* Assets.xcassets */; };
		082EA07621BA06420057B055 /* LaunchScreen.storyboard in Resources */ = {isa = PBXBuildFile; fileRef = 082EA07421BA06420057B055 /* LaunchScreen.storyboard */; };
		082EA08121BA06420057B055 /* tip_calculatorTests.swift in Sources */ = {isa = PBXBuildFile; fileRef = 082EA08021BA06420057B055 /* tip_calculatorTests.swift */; };
		082EA08C21BA06420057B055 /* tip_calculatorUITests.swift in Sources */ = {isa = PBXBuildFile; fileRef = 082EA08B21BA06420057B055 /* tip_calculatorUITests.swift */; };
		082EA09921BA07EC0057B055 /* Main.storyboard in Resources */ = {isa = PBXBuildFile; fileRef = 082EA06F21BA06410057B055 /* Main.storyboard */; };
		082EA09A21BA07ED0057B055 /* Main.storyboard in Resources */ = {isa = PBXBuildFile; fileRef = 082EA06F21BA06410057B055 /* Main.storyboard */; };
/* End PBXBuildFile section */

/* Begin PBXContainerItemProxy section */
		082EA07D21BA06420057B055 /* PBXContainerItemProxy */ = {
			isa = PBXContainerItemProxy;
			containerPortal = 082EA06021BA06410057B055 /* Project object */;
			proxyType = 1;
			remoteGlobalIDString = 082EA06721BA06410057B055;
			remoteInfo = "tip calculator";
		};
		082EA08821BA06420057B055 /* PBXContainerItemProxy */ = {
			isa = PBXContainerItemProxy;
			containerPortal = 082EA06021BA06410057B055 /* Project object */;
			proxyType = 1;
			remoteGlobalIDString = 082EA06721BA06410057B055;
			remoteInfo = "tip calculator";
		};
/* End PBXContainerItemProxy section */

/* Begin PBXFileReference section */
		082EA06821BA06410057B055 /* tip calculator.app */ = {isa = PBXFileReference; explicitFileType = wrapper.application; includeInIndex = 0; path = "tip calculator.app"; sourceTree = BUILT_PRODUCTS_DIR; };
		082EA06B21BA06410057B055 /* AppDelegate.swift */ = {isa = PBXFileReference; lastKnownFileType = sourcecode.swift; path = AppDelegate.swift; sourceTree = "<group>"; };
		082EA06D21BA06410057B055 /* ViewController.swift */ = {isa = PBXFileReference; lastKnownFileType = sourcecode.swift; path = ViewController.swift; sourceTree = "<group>"; };
		082EA07021BA06410057B055 /* Base */ = {isa = PBXFileReference; lastKnownFileType = file.storyboard; name = Base; path = Base.lproj/Main.storyboard; sourceTree = "<group>"; };
		082EA07221BA06420057B055 /* Assets.xcassets */ = {isa = PBXFileReference; lastKnownFileType = folder.assetcatalog; path = Assets.xcassets; sourceTree = "<group>"; };
		082EA07521BA06420057B055 /* Base */ = {isa = PBXFileReference; lastKnownFileType = file.storyboard; name = Base; path = Base.lproj/LaunchScreen.storyboard; sourceTree = "<group>"; };
		082EA07721BA06420057B055 /* Info.plist */ = {isa = PBXFileReference; lastKnownFileType = text.plist.xml; path = Info.plist; sourceTree = "<group>"; };
		082EA07C21BA06420057B055 /* tip calculatorTests.xctest */ = {isa = PBXFileReference; explicitFileType = wrapper.cfbundle; includeInIndex = 0; path = "tip calculatorTests.xctest"; sourceTree = BUILT_PRODUCTS_DIR; };
		082EA08021BA06420057B055 /* tip_calculatorTests.swift */ = {isa = PBXFileReference; lastKnownFileType = sourcecode.swift; path = tip_calculatorTests.swift; sourceTree = "<group>"; };
		082EA08221BA06420057B055 /* Info.plist */ = {isa = PBXFileReference; lastKnownFileType = text.plist.xml; path = Info.plist; sourceTree = "<group>"; };
		082EA08721BA06420057B055 /* tip calculatorUITests.xctest */ = {isa = PBXFileReference; explicitFileType = wrapper.cfbundle; includeInIndex = 0; path = "tip calculatorUITests.xctest"; sourceTree = BUILT_PRODUCTS_DIR; };
		082EA08B21BA06420057B055 /* tip_calculatorUITests.swift */ = {isa = PBXFileReference; lastKnownFileType = sourcecode.swift; path = tip_calculatorUITests.swift; sourceTree = "<group>"; };
		082EA08D21BA06430057B055 /* Info.plist */ = {isa = PBXFileReference; lastKnownFileType = text.plist.xml; path = Info.plist; sourceTree = "<group>"; };
/* End PBXFileReference section */

/* Begin PBXFrameworksBuildPhase section */
		082EA06521BA06410057B055 /* Frameworks */ = {
			isa = PBXFrameworksBuildPhase;
			buildActionMask = 2147483647;
			files = (
			);
			runOnlyForDeploymentPostprocessing = 0;
		};
		082EA07921BA06420057B055 /* Frameworks */ = {
			isa = PBXFrameworksBuildPhase;
			buildActionMask = 2147483647;
			files = (
			);
			runOnlyForDeploymentPostprocessing = 0;
		};
		082EA08421BA06420057B055 /* Frameworks */ = {
			isa = PBXFrameworksBuildPhase;
			buildActionMask = 2147483647;
			files = (
			);
			runOnlyForDeploymentPostprocessing = 0;
		};
/* End PBXFrameworksBuildPhase section */

/* Begin PBXGroup section */
		082EA05F21BA06410057B055 = {
			isa = PBXGroup;
			children = (
				082EA06A21BA06410057B055 /* tip calculator */,
				082EA07F21BA06420057B055 /* tip calculatorTests */,
				082EA08A21BA06420057B055 /* tip calculatorUITests */,
				082EA06921BA06410057B055 /* Products */,
			);
			sourceTree = "<group>";
		};
		082EA06921BA06410057B055 /* Products */ = {
			isa = PBXGroup;
			children = (
				082EA06821BA06410057B055 /* tip calculator.app */,
				082EA07C21BA06420057B055 /* tip calculatorTests.xctest */,
				082EA08721BA06420057B055 /* tip calculatorUITests.xctest */,
			);
			name = Products;
			sourceTree = "<group>";
		};
		082EA06A21BA06410057B055 /* tip calculator */ = {
			isa = PBXGroup;
			children = (
				082EA06B21BA06410057B055 /* AppDelegate.swift */,
				082EA06D21BA06410057B055 /* ViewController.swift */,
				082EA06F21BA06410057B055 /* Main.storyboard */,
				082EA07221BA06420057B055 /* Assets.xcassets */,
				082EA07421BA06420057B055 /* LaunchScreen.storyboard */,
				082EA07721BA06420057B055 /* Info.plist */,
			);
			path = "tip calculator";
			sourceTree = "<group>";
		};
		082EA07F21BA06420057B055 /* tip calculatorTests */ = {
			isa = PBXGroup;
			children = (
				082EA08021BA06420057B055 /* tip_calculatorTests.swift */,
				082EA08221BA06420057B055 /* Info.plist */,
			);
			path = "tip calculatorTests";
			sourceTree = "<group>";
		};
		082EA08A21BA06420057B055 /* tip calculatorUITests */ = {
			isa = PBXGroup;
			children = (
				082EA08B21BA06420057B055 /* tip_calculatorUITests.swift */,
				082EA08D21BA06430057B055 /* Info.plist */,
			);
			path = "tip calculatorUITests";
			sourceTree = "<group>";
		};
/* End PBXGroup section */

/* Begin PBXNativeTarget section */
		082EA06721BA06410057B055 /* tip calculator */ = {
			isa = PBXNativeTarget;
			buildConfigurationList = 082EA09021BA06430057B055 /* Build configuration list for PBXNativeTarget "tip calculator" */;
			buildPhases = (
				082EA06421BA06410057B055 /* Sources */,
				082EA06521BA06410057B055 /* Frameworks */,
				082EA06621BA06410057B055 /* Resources */,
			);
			buildRules = (
			);
			dependencies = (
			);
			name = "tip calculator";
			productName = "tip calculator";
			productReference = 082EA06821BA06410057B055 /* tip calculator.app */;
			productType = "com.apple.product-type.application";
		};
		082EA07B21BA06420057B055 /* tip calculatorTests */ = {
			isa = PBXNativeTarget;
			buildConfigurationList = 082EA09321BA06430057B055 /* Build configuration list for PBXNativeTarget "tip calculatorTests" */;
			buildPhases = (
				082EA07821BA06420057B055 /* Sources */,
				082EA07921BA06420057B055 /* Frameworks */,
				082EA07A21BA06420057B055 /* Resources */,
			);
			buildRules = (
			);
			dependencies = (
				082EA07E21BA06420057B055 /* PBXTargetDependency */,
			);
			name = "tip calculatorTests";
			productName = "tip calculatorTests";
			productReference = 082EA07C21BA06420057B055 /* tip calculatorTests.xctest */;
			productType = "com.apple.product-type.bundle.unit-test";
		};
		082EA08621BA06420057B055 /* tip calculatorUITests */ = {
			isa = PBXNativeTarget;
			buildConfigurationList = 082EA09621BA06430057B055 /* Build configuration list for PBXNativeTarget "tip calculatorUITests" */;
			buildPhases = (
				082EA08321BA06420057B055 /* Sources */,
				082EA08421BA06420057B055 /* Frameworks */,
				082EA08521BA06420057B055 /* Resources */,
			);
			buildRules = (
			);
			dependencies = (
				082EA08921BA06420057B055 /* PBXTargetDependency */,
			);
			name = "tip calculatorUITests";
			productName = "tip calculatorUITests";
			productReference = 082EA08721BA06420057B055 /* tip calculatorUITests.xctest */;
			productType = "com.apple.product-type.bundle.ui-testing";
		};
/* End PBXNativeTarget section */

/* Begin PBXProject section */
		082EA06021BA06410057B055 /* Project object */ = {
			isa = PBXProject;
			attributes = {
				KnownAssetTags = (
					uilabel,
				);
				LastSwiftUpdateCheck = 1010;
				LastUpgradeCheck = 1010;
				ORGANIZATIONNAME = "ibrahim suhail";
				TargetAttributes = {
					082EA06721BA06410057B055 = {
						CreatedOnToolsVersion = 10.1;
					};
					082EA07B21BA06420057B055 = {
						CreatedOnToolsVersion = 10.1;
						TestTargetID = 082EA06721BA06410057B055;
					};
					082EA08621BA06420057B055 = {
						CreatedOnToolsVersion = 10.1;
						TestTargetID = 082EA06721BA06410057B055;
					};
				};
			};
			buildConfigurationList = 082EA06321BA06410057B055 /* Build configuration list for PBXProject "tip calculator" */;
			compatibilityVersion = "Xcode 9.3";
			developmentRegion = en;
			hasScannedForEncodings = 0;
			knownRegions = (
				en,
				Base,
			);
			mainGroup = 082EA05F21BA06410057B055;
			productRefGroup = 082EA06921BA06410057B055 /* Products */;
			projectDirPath = "";
			projectRoot = "";
			targets = (
				082EA06721BA06410057B055 /* tip calculator */,
				082EA07B21BA06420057B055 /* tip calculatorTests */,
				082EA08621BA06420057B055 /* tip calculatorUITests */,
			);
		};
/* End PBXProject section */

/* Begin PBXResourcesBuildPhase section */
		082EA06621BA06410057B055 /* Resources */ = {
			isa = PBXResourcesBuildPhase;
			buildActionMask = 2147483647;
			files = (
				082EA07621BA06420057B055 /* LaunchScreen.storyboard in Resources */,
				082EA07321BA06420057B055 /* Assets.xcassets in Resources */,
				082EA07121BA06410057B055 /* Main.storyboard in Resources */,
			);
			runOnlyForDeploymentPostprocessing = 0;
		};
		082EA07A21BA06420057B055 /* Resources */ = {
			isa = PBXResourcesBuildPhase;
			buildActionMask = 2147483647;
			files = (
				082EA09921BA07EC0057B055 /* Main.storyboard in Resources */,
			);
			runOnlyForDeploymentPostprocessing = 0;
		};
		082EA08521BA06420057B055 /* Resources */ = {
			isa = PBXResourcesBuildPhase;
			buildActionMask = 2147483647;
			files = (
				082EA09A21BA07ED0057B055 /* Main.storyboard in Resources */,
			);
			runOnlyForDeploymentPostprocessing = 0;
		};
/* End PBXResourcesBuildPhase section */

/* Begin PBXSourcesBuildPhase section */
		082EA06421BA06410057B055 /* Sources */ = {
			isa = PBXSourcesBuildPhase;
			buildActionMask = 2147483647;
			files = (
				082EA06E21BA06410057B055 /* ViewController.swift in Sources */,
				082EA06C21BA06410057B055 /* AppDelegate.swift in Sources */,
			);
			runOnlyForDeploymentPostprocessing = 0;
		};
		082EA07821BA06420057B055 /* Sources */ = {
			isa = PBXSourcesBuildPhase;
			buildActionMask = 2147483647;
			files = (
				082EA08121BA06420057B055 /* tip_calculatorTests.swift in Sources */,
			);
			runOnlyForDeploymentPostprocessing = 0;
		};
		082EA08321BA06420057B055 /* Sources */ = {
			isa = PBXSourcesBuildPhase;
			buildActionMask = 2147483647;
			files = (
				082EA08C21BA06420057B055 /* tip_calculatorUITests.swift in Sources */,
			);
			runOnlyForDeploymentPostprocessing = 0;
		};
/* End PBXSourcesBuildPhase section */

/* Begin PBXTargetDependency section */
		082EA07E21BA06420057B055 /* PBXTargetDependency */ = {
			isa = PBXTargetDependency;
			target = 082EA06721BA06410057B055 /* tip calculator */;
			targetProxy = 082EA07D21BA06420057B055 /* PBXContainerItemProxy */;
		};
		082EA08921BA06420057B055 /* PBXTargetDependency */ = {
			isa = PBXTargetDependency;
			target = 082EA06721BA06410057B055 /* tip calculator */;
			targetProxy = 082EA08821BA06420057B055 /* PBXContainerItemProxy */;
		};
/* End PBXTargetDependency section */

/* Begin PBXVariantGroup section */
		082EA06F21BA06410057B055 /* Main.storyboard */ = {
			isa = PBXVariantGroup;
			children = (
				082EA07021BA06410057B055 /* Base */,
			);
			name = Main.storyboard;
			sourceTree = "<group>";
		};
		082EA07421BA06420057B055 /* LaunchScreen.storyboard */ = {
			isa = PBXVariantGroup;
			children = (
				082EA07521BA06420057B055 /* Base */,
			);
			name = LaunchScreen.storyboard;
			sourceTree = "<group>";
		};
/* End PBXVariantGroup section */

/* Begin XCBuildConfiguration section */
		082EA08E21BA06430057B055 /* Debug */ = {
			isa = XCBuildConfiguration;
			buildSettings = {
				ALWAYS_SEARCH_USER_PATHS = NO;
				CLANG_ANALYZER_NONNULL = YES;
				CLANG_ANALYZER_NUMBER_OBJECT_CONVERSION = YES_AGGRESSIVE;
				CLANG_CXX_LANGUAGE_STANDARD = "gnu++14";
				CLANG_CXX_LIBRARY = "libc++";
				CLANG_ENABLE_MODULES = YES;
				CLANG_ENABLE_OBJC_ARC = YES;
				CLANG_ENABLE_OBJC_WEAK = YES;
				CLANG_WARN_BLOCK_CAPTURE_AUTORELEASING = YES;
				CLANG_WARN_BOOL_CONVERSION = YES;
				CLANG_WARN_COMMA = YES;
				CLANG_WARN_CONSTANT_CONVERSION = YES;
				CLANG_WARN_DEPRECATED_OBJC_IMPLEMENTATIONS = YES;
				CLANG_WARN_DIRECT_OBJC_ISA_USAGE = YES_ERROR;
				CLANG_WARN_DOCUMENTATION_COMMENTS = YES;
				CLANG_WARN_EMPTY_BODY = YES;
				CLANG_WARN_ENUM_CONVERSION = YES;
				CLANG_WARN_INFINITE_RECURSION = YES;
				CLANG_WARN_INT_CONVERSION = YES;
				CLANG_WARN_NON_LITERAL_NULL_CONVERSION = YES;
				CLANG_WARN_OBJC_IMPLICIT_RETAIN_SELF = YES;
				CLANG_WARN_OBJC_LITERAL_CONVERSION = YES;
				CLANG_WARN_OBJC_ROOT_CLASS = YES_ERROR;
				CLANG_WARN_RANGE_LOOP_ANALYSIS = YES;
				CLANG_WARN_STRICT_PROTOTYPES = YES;
				CLANG_WARN_SUSPICIOUS_MOVE = YES;
				CLANG_WARN_UNGUARDED_AVAILABILITY = YES_AGGRESSIVE;
				CLANG_WARN_UNREACHABLE_CODE = YES;
				CLANG_WARN__DUPLICATE_METHOD_MATCH = YES;
				CODE_SIGN_IDENTITY = "iPhone Developer";
				COPY_PHASE_STRIP = NO;
				DEBUG_INFORMATION_FORMAT = dwarf;
				ENABLE_STRICT_OBJC_MSGSEND = YES;
				ENABLE_TESTABILITY = YES;
				GCC_C_LANGUAGE_STANDARD = gnu11;
				GCC_DYNAMIC_NO_PIC = NO;
				GCC_NO_COMMON_BLOCKS = YES;
				GCC_OPTIMIZATION_LEVEL = 0;
				GCC_PREPROCESSOR_DEFINITIONS = (
					"DEBUG=1",
					"$(inherited)",
				);
				GCC_WARN_64_TO_32_BIT_CONVERSION = YES;
				GCC_WARN_ABOUT_RETURN_TYPE = YES_ERROR;
				GCC_WARN_UNDECLARED_SELECTOR = YES;
				GCC_WARN_UNINITIALIZED_AUTOS = YES_AGGRESSIVE;
				GCC_WARN_UNUSED_FUNCTION = YES;
				GCC_WARN_UNUSED_VARIABLE = YES;
				IPHONEOS_DEPLOYMENT_TARGET = 12.1;
				MTL_ENABLE_DEBUG_INFO = INCLUDE_SOURCE;
				MTL_FAST_MATH = YES;
				ONLY_ACTIVE_ARCH = YES;
				SDKROOT = iphoneos;
				SWIFT_ACTIVE_COMPILATION_CONDITIONS = DEBUG;
				SWIFT_OPTIMIZATION_LEVEL = "-Onone";
			};
			name = Debug;
		};
		082EA08F21BA06430057B055 /* Release */ = {
			isa = XCBuildConfiguration;
			buildSettings = {
				ALWAYS_SEARCH_USER_PATHS = NO;
				CLANG_ANALYZER_NONNULL = YES;
				CLANG_ANALYZER_NUMBER_OBJECT_CONVERSION = YES_AGGRESSIVE;
				CLANG_CXX_LANGUAGE_STANDARD = "gnu++14";
				CLANG_CXX_LIBRARY = "libc++";
				CLANG_ENABLE_MODULES = YES;
				CLANG_ENABLE_OBJC_ARC = YES;
				CLANG_ENABLE_OBJC_WEAK = YES;
				CLANG_WARN_BLOCK_CAPTURE_AUTORELEASING = YES;
				CLANG_WARN_BOOL_CONVERSION = YES;
				CLANG_WARN_COMMA = YES;
				CLANG_WARN_CONSTANT_CONVERSION = YES;
				CLANG_WARN_DEPRECATED_OBJC_IMPLEMENTATIONS = YES;
				CLANG_WARN_DIRECT_OBJC_ISA_USAGE = YES_ERROR;
				CLANG_WARN_DOCUMENTATION_COMMENTS = YES;
				CLANG_WARN_EMPTY_BODY = YES;
				CLANG_WARN_ENUM_CONVERSION = YES;
				CLANG_WARN_INFINITE_RECURSION = YES;
				CLANG_WARN_INT_CONVERSION = YES;
				CLANG_WARN_NON_LITERAL_NULL_CONVERSION = YES;
				CLANG_WARN_OBJC_IMPLICIT_RETAIN_SELF = YES;
				CLANG_WARN_OBJC_LITERAL_CONVERSION = YES;
				CLANG_WARN_OBJC_ROOT_CLASS = YES_ERROR;
				CLANG_WARN_RANGE_LOOP_ANALYSIS = YES;
				CLANG_WARN_STRICT_PROTOTYPES = YES;
				CLANG_WARN_SUSPICIOUS_MOVE = YES;
				CLANG_WARN_UNGUARDED_AVAILABILITY = YES_AGGRESSIVE;
				CLANG_WARN_UNREACHABLE_CODE = YES;
				CLANG_WARN__DUPLICATE_METHOD_MATCH = YES;
				CODE_SIGN_IDENTITY = "iPhone Developer";
				COPY_PHASE_STRIP = NO;
				DEBUG_INFORMATION_FORMAT = "dwarf-with-dsym";
				ENABLE_NS_ASSERTIONS = NO;
				ENABLE_STRICT_OBJC_MSGSEND = YES;
				GCC_C_LANGUAGE_STANDARD = gnu11;
				GCC_NO_COMMON_BLOCKS = YES;
				GCC_WARN_64_TO_32_BIT_CONVERSION = YES;
				GCC_WARN_ABOUT_RETURN_TYPE = YES_ERROR;
				GCC_WARN_UNDECLARED_SELECTOR = YES;
				GCC_WARN_UNINITIALIZED_AUTOS = YES_AGGRESSIVE;
				GCC_WARN_UNUSED_FUNCTION = YES;
				GCC_WARN_UNUSED_VARIABLE = YES;
				IPHONEOS_DEPLOYMENT_TARGET = 12.1;
				MTL_ENABLE_DEBUG_INFO = NO;
				MTL_FAST_MATH = YES;
				SDKROOT = iphoneos;
				SWIFT_COMPILATION_MODE = wholemodule;
				SWIFT_OPTIMIZATION_LEVEL = "-O";
				VALIDATE_PRODUCT = YES;
			};
			name = Release;
		};
		082EA09121BA06430057B055 /* Debug */ = {
			isa = XCBuildConfiguration;
			buildSettings = {
				ASSETCATALOG_COMPILER_APPICON_NAME = AppIcon;
				CODE_SIGN_STYLE = Automatic;
				DEVELOPMENT_TEAM = Z64KT4F5WX;
				INFOPLIST_FILE = "tip calculator/Info.plist";
				LD_RUNPATH_SEARCH_PATHS = (
					"$(inherited)",
					"@executable_path/Frameworks",
				);
				PRODUCT_BUNDLE_IDENTIFIER = "saad-suhail.tip-calculator";
				PRODUCT_NAME = "$(TARGET_NAME)";
				SWIFT_VERSION = 4.2;
				TARGETED_DEVICE_FAMILY = "1,2";
			};
			name = Debug;
		};
		082EA09221BA06430057B055 /* Release */ = {
			isa = XCBuildConfiguration;
			buildSettings = {
				ASSETCATALOG_COMPILER_APPICON_NAME = AppIcon;
				CODE_SIGN_STYLE = Automatic;
				DEVELOPMENT_TEAM = Z64KT4F5WX;
				INFOPLIST_FILE = "tip calculator/Info.plist";
				LD_RUNPATH_SEARCH_PATHS = (
					"$(inherited)",
					"@executable_path/Frameworks",
				);
				PRODUCT_BUNDLE_IDENTIFIER = "saad-suhail.tip-calculator";
				PRODUCT_NAME = "$(TARGET_NAME)";
				SWIFT_VERSION = 4.2;
				TARGETED_DEVICE_FAMILY = "1,2";
			};
			name = Release;
		};
		082EA09421BA06430057B055 /* Debug */ = {
			isa = XCBuildConfiguration;
			buildSettings = {
				ALWAYS_EMBED_SWIFT_STANDARD_LIBRARIES = YES;
				BUNDLE_LOADER = "$(TEST_HOST)";
				CODE_SIGN_STYLE = Automatic;
				DEVELOPMENT_TEAM = M475D5G2AQ;
				INFOPLIST_FILE = "tip calculatorTests/Info.plist";
				LD_RUNPATH_SEARCH_PATHS = (
					"$(inherited)",
					"@executable_path/Frameworks",
					"@loader_path/Frameworks",
				);
				PRODUCT_BUNDLE_IDENTIFIER = "ibrahim-suhail.tip-calculatorTests";
				PRODUCT_NAME = "$(TARGET_NAME)";
				SWIFT_VERSION = 4.2;
				TARGETED_DEVICE_FAMILY = "1,2";
				TEST_HOST = "$(BUILT_PRODUCTS_DIR)/tip calculator.app/tip calculator";
			};
			name = Debug;
		};
		082EA09521BA06430057B055 /* Release */ = {
			isa = XCBuildConfiguration;
			buildSettings = {
				ALWAYS_EMBED_SWIFT_STANDARD_LIBRARIES = YES;
				BUNDLE_LOADER = "$(TEST_HOST)";
				CODE_SIGN_STYLE = Automatic;
				DEVELOPMENT_TEAM = M475D5G2AQ;
				INFOPLIST_FILE = "tip calculatorTests/Info.plist";
				LD_RUNPATH_SEARCH_PATHS = (
					"$(inherited)",
					"@executable_path/Frameworks",
					"@loader_path/Frameworks",
				);
				PRODUCT_BUNDLE_IDENTIFIER = "ibrahim-suhail.tip-calculatorTests";
				PRODUCT_NAME = "$(TARGET_NAME)";
				SWIFT_VERSION = 4.2;
				TARGETED_DEVICE_FAMILY = "1,2";
				TEST_HOST = "$(BUILT_PRODUCTS_DIR)/tip calculator.app/tip calculator";
			};
			name = Release;
		};
		082EA09721BA06430057B055 /* Debug */ = {
			isa = XCBuildConfiguration;
			buildSettings = {
				ALWAYS_EMBED_SWIFT_STANDARD_LIBRARIES = YES;
				CODE_SIGN_STYLE = Automatic;
				DEVELOPMENT_TEAM = M475D5G2AQ;
				INFOPLIST_FILE = "tip calculatorUITests/Info.plist";
				LD_RUNPATH_SEARCH_PATHS = (
					"$(inherited)",
					"@executable_path/Frameworks",
					"@loader_path/Frameworks",
				);
				PRODUCT_BUNDLE_IDENTIFIER = "ibrahim-suhail.tip-calculatorUITests";
				PRODUCT_NAME = "$(TARGET_NAME)";
				SWIFT_VERSION = 4.2;
				TARGETED_DEVICE_FAMILY = "1,2";
				TEST_TARGET_NAME = "tip calculator";
			};
			name = Debug;
		};
		082EA09821BA06430057B055 /* Release */ = {
			isa = XCBuildConfiguration;
			buildSettings = {
				ALWAYS_EMBED_SWIFT_STANDARD_LIBRARIES = YES;
				CODE_SIGN_STYLE = Automatic;
				DEVELOPMENT_TEAM = M475D5G2AQ;
				INFOPLIST_FILE = "tip calculatorUITests/Info.plist";
				LD_RUNPATH_SEARCH_PATHS = (
					"$(inherited)",
					"@executable_path/Frameworks",
					"@loader_path/Frameworks",
				);
				PRODUCT_BUNDLE_IDENTIFIER = "ibrahim-suhail.tip-calculatorUITests";
				PRODUCT_NAME = "$(TARGET_NAME)";
				SWIFT_VERSION = 4.2;
				TARGETED_DEVICE_FAMILY = "1,2";
				TEST_TARGET_NAME = "tip calculator";
			};
			name = Release;
		};
/* End XCBuildConfiguration section */

/* Begin XCConfigurationList section */
		082EA06321BA06410057B055 /* Build configuration list for PBXProject "tip calculator" */ = {
			isa = XCConfigurationList;
			buildConfigurations = (
				082EA08E21BA06430057B055 /* Debug */,
				082EA08F21BA06430057B055 /* Release */,
			);
			defaultConfigurationIsVisible = 0;
			defaultConfigurationName = Release;
		};
		082EA09021BA06430057B055 /* Build configuration list for PBXNativeTarget "tip calculator" */ = {
			isa = XCConfigurationList;
			buildConfigurations = (
				082EA09121BA06430057B055 /* Debug */,
				082EA09221BA06430057B055 /* Release */,
			);
			defaultConfigurationIsVisible = 0;
			defaultConfigurationName = Release;
		};
		082EA09321BA06430057B055 /* Build configuration list for PBXNativeTarget "tip calculatorTests" */ = {
			isa = XCConfigurationList;
			buildConfigurations = (
				082EA09421BA06430057B055 /* Debug */,
				082EA09521BA06430057B055 /* Release */,
			);
			defaultConfigurationIsVisible = 0;
			defaultConfigurationName = Release;
		};
		082EA09621BA06430057B055 /* Build configuration list for PBXNativeTarget "tip calculatorUITests" */ = {
			isa = XCConfigurationList;
			buildConfigurations = (
				082EA09721BA06430057B055 /* Debug */,
				082EA09821BA06430057B055 /* Release */,
			);
			defaultConfigurationIsVisible = 0;
			defaultConfigurationName = Release;
		};
/* End XCConfigurationList section */
	};
	rootObject = 082EA06021BA06410057B055 /* Project object */;
}
